version: 6
environments:
  default:
    channels:
    - url: https://conda.modular.com/max-nightly/
    - url: https://conda.anaconda.org/conda-forge/
    packages:
      osx-arm64:
      - conda: https://conda.anaconda.org/conda-forge/noarch/_python_abi3_support-1.0-hd8ed1ab_2.conda
      - conda: https://conda.anaconda.org/conda-forge/osx-arm64/aom-3.9.1-h7bae524_0.conda
      - conda: https://conda.anaconda.org/conda-forge/osx-arm64/bzip2-1.0.8-hd037594_8.conda
      - conda: https://conda.anaconda.org/conda-forge/noarch/ca-certificates-2025.10.5-hbd8a1cb_0.conda
      - conda: https://conda.anaconda.org/conda-forge/osx-arm64/cairo-1.18.4-h6a3b0d2_0.conda
      - conda: https://conda.anaconda.org/conda-forge/noarch/click-8.3.0-pyh707e725_0.conda
      - conda: https://conda.anaconda.org/conda-forge/noarch/cpython-3.12.12-py312hd8ed1ab_0.conda
      - conda: https://conda.anaconda.org/conda-forge/osx-arm64/dav1d-1.2.1-hb547adb_0.conda
      - conda: https://conda.anaconda.org/conda-forge/osx-arm64/dbus-1.16.2-hda038a8_0.conda
      - conda: https://conda.anaconda.org/conda-forge/osx-arm64/fluidsynth-2.3.7-h80fea77_0.conda
      - conda: https://conda.anaconda.org/conda-forge/noarch/font-ttf-dejavu-sans-mono-2.37-hab24e00_0.tar.bz2
      - conda: https://conda.anaconda.org/conda-forge/noarch/font-ttf-inconsolata-3.000-h77eed37_0.tar.bz2
      - conda: https://conda.anaconda.org/conda-forge/noarch/font-ttf-source-code-pro-2.038-h77eed37_0.tar.bz2
      - conda: https://conda.anaconda.org/conda-forge/noarch/font-ttf-ubuntu-0.83-h77eed37_3.conda
      - conda: https://conda.anaconda.org/conda-forge/osx-arm64/fontconfig-2.15.0-h1383a14_1.conda
      - conda: https://conda.anaconda.org/conda-forge/noarch/fonts-conda-ecosystem-1-0.tar.bz2
      - conda: https://conda.anaconda.org/conda-forge/noarch/fonts-conda-forge-1-0.tar.bz2
      - conda: https://conda.anaconda.org/conda-forge/osx-arm64/freetype-2.14.1-hce30654_0.conda
      - conda: https://conda.anaconda.org/conda-forge/osx-arm64/gettext-0.25.1-h3dcc1bd_0.conda
      - conda: https://conda.anaconda.org/conda-forge/osx-arm64/gettext-tools-0.25.1-h493aca8_0.conda
      - conda: https://conda.anaconda.org/conda-forge/osx-arm64/graphite2-1.3.14-hec049ff_2.conda
      - conda: https://conda.anaconda.org/conda-forge/osx-arm64/harfbuzz-11.5.1-haf38c7b_0.conda
      - conda: https://conda.anaconda.org/conda-forge/osx-arm64/icu-75.1-hfee45f7_0.conda
      - conda: https://conda.anaconda.org/conda-forge/noarch/importlib-metadata-8.7.0-pyhe01879c_1.conda
      - conda: https://conda.anaconda.org/conda-forge/noarch/jupyter_client-8.6.3-pyhd8ed1ab_1.conda
      - conda: https://conda.anaconda.org/conda-forge/noarch/jupyter_core-5.8.1-pyh31011fe_0.conda
      - conda: https://conda.anaconda.org/conda-forge/osx-arm64/krb5-1.21.3-h237132a_0.conda
      - conda: https://conda.anaconda.org/conda-forge/osx-arm64/lame-3.100-h1a8c8d9_1003.tar.bz2
      - conda: https://conda.anaconda.org/conda-forge/osx-arm64/lerc-4.0.0-hd64df32_1.conda
      - conda: https://conda.anaconda.org/conda-forge/osx-arm64/libasprintf-0.25.1-h493aca8_0.conda
      - conda: https://conda.anaconda.org/conda-forge/osx-arm64/libasprintf-devel-0.25.1-h493aca8_0.conda
      - conda: https://conda.anaconda.org/conda-forge/osx-arm64/libavif16-1.3.0-hb06b76e_2.conda
      - conda: https://conda.anaconda.org/conda-forge/osx-arm64/libcxx-21.1.3-hf598326_0.conda
      - conda: https://conda.anaconda.org/conda-forge/osx-arm64/libdeflate-1.24-h5773f1b_0.conda
      - conda: https://conda.anaconda.org/conda-forge/osx-arm64/libedit-3.1.20250104-pl5321hafb1f1b_0.conda
      - conda: https://conda.anaconda.org/conda-forge/osx-arm64/libexpat-2.7.1-hec049ff_0.conda
      - conda: https://conda.anaconda.org/conda-forge/osx-arm64/libffi-3.4.6-h1da3d7d_1.conda
      - conda: https://conda.anaconda.org/conda-forge/osx-arm64/libflac-1.4.3-hb765f3a_0.conda
      - conda: https://conda.anaconda.org/conda-forge/osx-arm64/libfreetype-2.14.1-hce30654_0.conda
      - conda: https://conda.anaconda.org/conda-forge/osx-arm64/libfreetype6-2.14.1-h6da58f4_0.conda
      - conda: https://conda.anaconda.org/conda-forge/osx-arm64/libgettextpo-0.25.1-h493aca8_0.conda
      - conda: https://conda.anaconda.org/conda-forge/osx-arm64/libgettextpo-devel-0.25.1-h493aca8_0.conda
      - conda: https://conda.anaconda.org/conda-forge/osx-arm64/libglib-2.86.0-h1bb475b_0.conda
      - conda: https://conda.anaconda.org/conda-forge/osx-arm64/libiconv-1.18-h23cfdf5_2.conda
      - conda: https://conda.anaconda.org/conda-forge/osx-arm64/libintl-0.25.1-h493aca8_0.conda
      - conda: https://conda.anaconda.org/conda-forge/osx-arm64/libintl-devel-0.25.1-h493aca8_0.conda
      - conda: https://conda.anaconda.org/conda-forge/osx-arm64/libjpeg-turbo-3.1.0-h5505292_0.conda
      - conda: https://conda.anaconda.org/conda-forge/osx-arm64/liblzma-5.8.1-h39f12f2_2.conda
      - conda: https://conda.anaconda.org/conda-forge/osx-arm64/libmad-0.15.1b-h1a8c8d9_1001.conda
      - conda: https://conda.anaconda.org/conda-forge/osx-arm64/libogg-1.3.5-h48c0fde_1.conda
      - conda: https://conda.anaconda.org/conda-forge/osx-arm64/libopus-1.5.2-h48c0fde_0.conda
      - conda: https://conda.anaconda.org/conda-forge/osx-arm64/libpng-1.6.50-h280e0eb_1.conda
      - conda: https://conda.anaconda.org/conda-forge/osx-arm64/libsndfile-1.2.2-h9739721_1.conda
      - conda: https://conda.anaconda.org/conda-forge/osx-arm64/libsodium-1.0.20-h99b78c6_0.conda
      - conda: https://conda.anaconda.org/conda-forge/osx-arm64/libsqlite-3.50.4-h4237e3c_0.conda
      - conda: https://conda.anaconda.org/conda-forge/osx-arm64/libtiff-4.7.1-h7dc4979_0.conda
      - conda: https://conda.anaconda.org/conda-forge/osx-arm64/libusb-1.0.29-hbc156a2_0.conda
      - conda: https://conda.anaconda.org/conda-forge/osx-arm64/libvorbis-1.3.7-h81086ad_2.conda
      - conda: https://conda.anaconda.org/conda-forge/osx-arm64/libvulkan-loader-1.4.328.1-h49c215f_0.conda
      - conda: https://conda.anaconda.org/conda-forge/osx-arm64/libwebp-base-1.6.0-h07db88b_0.conda
      - conda: https://conda.anaconda.org/conda-forge/osx-arm64/libzlib-1.3.1-h8359307_2.conda
      - conda: https://conda.modular.com/max-nightly/noarch/mblack-25.7.0.dev2025101405-release.conda
      - conda: https://conda.modular.com/max-nightly/osx-arm64/mojo-0.25.7.0.dev2025101405-release.conda
      - conda: https://conda.modular.com/max-nightly/osx-arm64/mojo-compiler-0.25.7.0.dev2025101405-release.conda
      - conda: https://conda.modular.com/max-nightly/noarch/mojo-python-0.25.7.0.dev2025101405-release.conda
      - conda: https://conda.anaconda.org/conda-forge/osx-arm64/mpg123-1.32.9-hf642e45_0.conda
      - conda: https://conda.anaconda.org/conda-forge/noarch/mypy_extensions-1.1.0-pyha770c72_0.conda
      - conda: https://conda.anaconda.org/conda-forge/osx-arm64/ncurses-6.5-h5e97a16_3.conda
      - conda: https://conda.anaconda.org/conda-forge/osx-arm64/openssl-3.5.4-h5503f6c_0.conda
      - conda: https://conda.anaconda.org/conda-forge/osx-arm64/opusfile-0.12-h5643135_2.conda
      - conda: https://conda.anaconda.org/conda-forge/noarch/packaging-25.0-pyh29332c3_1.conda
      - conda: https://conda.anaconda.org/conda-forge/noarch/pathspec-0.12.1-pyhd8ed1ab_1.conda
      - conda: https://conda.anaconda.org/conda-forge/osx-arm64/pcre2-10.46-h7125dd6_0.conda
      - conda: https://conda.anaconda.org/conda-forge/osx-arm64/pixman-0.46.4-h81086ad_1.conda
      - conda: https://conda.anaconda.org/conda-forge/noarch/platformdirs-4.5.0-pyhcf101f3_0.conda
      - conda: https://conda.anaconda.org/conda-forge/osx-arm64/portaudio-19.6.0-h13dd4ca_9.conda
      - conda: https://conda.anaconda.org/conda-forge/osx-arm64/portmidi-2.0.6-h286801f_0.conda
      - conda: https://conda.anaconda.org/conda-forge/osx-arm64/pygame-2.6.1-py312hb14fe3b_0.conda
      - conda: https://conda.anaconda.org/conda-forge/osx-arm64/python-3.12.12-hec0b533_0_cpython.conda
      - conda: https://conda.anaconda.org/conda-forge/noarch/python-dateutil-2.9.0.post0-pyhe01879c_2.conda
      - conda: https://conda.anaconda.org/conda-forge/noarch/python-gil-3.12.12-hd8ed1ab_0.conda
      - conda: https://conda.anaconda.org/conda-forge/noarch/python_abi-3.12-8_cp312.conda
      - conda: https://conda.anaconda.org/conda-forge/osx-arm64/pyzmq-27.1.0-py312hd65ceae_0.conda
      - conda: https://conda.anaconda.org/conda-forge/osx-arm64/rav1e-0.7.1-h0716509_3.conda
      - conda: https://conda.anaconda.org/conda-forge/osx-arm64/readline-8.2-h1d1bf99_2.conda
      - conda: https://conda.anaconda.org/conda-forge/osx-arm64/sdl2-2.32.56-h248ca61_0.conda
      - conda: https://conda.anaconda.org/conda-forge/osx-arm64/sdl2_image-2.8.2-h376e2e1_1.conda
      - conda: https://conda.anaconda.org/conda-forge/osx-arm64/sdl2_mixer-2.6.3-h4fe3bdc_1.conda
      - conda: https://conda.anaconda.org/conda-forge/osx-arm64/sdl2_ttf-2.24.0-h49b19f9_1.conda
      - conda: https://conda.anaconda.org/conda-forge/osx-arm64/sdl3-3.2.24-h919df07_0.conda
      - conda: https://conda.anaconda.org/conda-forge/noarch/six-1.17.0-pyhe01879c_1.conda
      - conda: https://conda.anaconda.org/conda-forge/osx-arm64/svt-av1-3.1.2-h12ba402_0.conda
      - conda: https://conda.anaconda.org/conda-forge/osx-arm64/tk-8.6.13-h892fb3f_2.conda
      - conda: https://conda.anaconda.org/conda-forge/noarch/tomli-2.3.0-pyhcf101f3_0.conda
      - conda: https://conda.anaconda.org/conda-forge/osx-arm64/tornado-6.5.2-py312h163523d_1.conda
      - conda: https://conda.anaconda.org/conda-forge/noarch/traitlets-5.14.3-pyhd8ed1ab_1.conda
      - conda: https://conda.anaconda.org/conda-forge/noarch/typing_extensions-4.15.0-pyhcf101f3_0.conda
      - conda: https://conda.anaconda.org/conda-forge/noarch/tzdata-2025b-h78e105d_0.conda
      - conda: https://conda.anaconda.org/conda-forge/osx-arm64/zeromq-4.3.5-h888dc83_9.conda
      - conda: https://conda.anaconda.org/conda-forge/noarch/zipp-3.23.0-pyhd8ed1ab_0.conda
      - conda: https://conda.anaconda.org/conda-forge/osx-arm64/zstd-1.5.7-h6491c7d_2.conda
packages:
- conda: https://conda.anaconda.org/conda-forge/noarch/_python_abi3_support-1.0-hd8ed1ab_2.conda
  sha256: a3967b937b9abf0f2a99f3173fa4630293979bd1644709d89580e7c62a544661
  md5: aaa2a381ccc56eac91d63b6c1240312f
  depends:
  - cpython
  - python-gil
  license: MIT
  license_family: MIT
  size: 8191
  timestamp: 1744137672556
- conda: https://conda.anaconda.org/conda-forge/osx-arm64/aom-3.9.1-h7bae524_0.conda
  sha256: ec238f18ce8140485645252351a0eca9ef4f7a1c568a420f240a585229bc12ef
  md5: 7adba36492a1bb22d98ffffe4f6fc6de
  depends:
  - __osx >=11.0
  - libcxx >=16
  license: BSD-2-Clause
  license_family: BSD
  size: 2235747
  timestamp: 1718551382432
- conda: https://conda.anaconda.org/conda-forge/osx-arm64/bzip2-1.0.8-hd037594_8.conda
  sha256: b456200636bd5fecb2bec63f7e0985ad2097cf1b83d60ce0b6968dffa6d02aa1
  md5: 58fd217444c2a5701a44244faf518206
  depends:
  - __osx >=11.0
  license: bzip2-1.0.6
  license_family: BSD
  size: 125061
  timestamp: 1757437486465
- conda: https://conda.anaconda.org/conda-forge/noarch/ca-certificates-2025.10.5-hbd8a1cb_0.conda
  sha256: 3b5ad78b8bb61b6cdc0978a6a99f8dfb2cc789a451378d054698441005ecbdb6
  md5: f9e5fbc24009179e8b0409624691758a
  depends:
  - __unix
  license: ISC
  size: 155907
  timestamp: 1759649036195
- conda: https://conda.anaconda.org/conda-forge/osx-arm64/cairo-1.18.4-h6a3b0d2_0.conda
  sha256: 00439d69bdd94eaf51656fdf479e0c853278439d22ae151cabf40eb17399d95f
  md5: 38f6df8bc8c668417b904369a01ba2e2
  depends:
  - __osx >=11.0
  - fontconfig >=2.15.0,<3.0a0
  - fonts-conda-ecosystem
  - freetype >=2.12.1,<3.0a0
  - icu >=75.1,<76.0a0
  - libcxx >=18
  - libexpat >=2.6.4,<3.0a0
  - libglib >=2.82.2,<3.0a0
  - libpng >=1.6.47,<1.7.0a0
  - libzlib >=1.3.1,<2.0a0
  - pixman >=0.44.2,<1.0a0
  license: LGPL-2.1-only or MPL-1.1
  size: 896173
  timestamp: 1741554795915
- conda: https://conda.anaconda.org/conda-forge/noarch/click-8.3.0-pyh707e725_0.conda
  sha256: c6567ebc27c4c071a353acaf93eb82bb6d9a6961e40692a359045a89a61d02c0
  md5: e76c4ba9e1837847679421b8d549b784
  depends:
  - __unix
  - python >=3.10
  license: BSD-3-Clause
  license_family: BSD
  size: 91622
  timestamp: 1758270534287
- conda: https://conda.anaconda.org/conda-forge/noarch/cpython-3.12.12-py312hd8ed1ab_0.conda
  noarch: generic
  sha256: 367c7c1b2c5ac0b0554f697089a68c05bdb8c950fd04b9881b963b970549b730
  md5: f929705f660039f25f18e96a11ff17a0
  depends:
  - python >=3.12,<3.13.0a0
  - python_abi * *_cp312
  license: Python-2.0
  size: 45860
  timestamp: 1760365735504
- conda: https://conda.anaconda.org/conda-forge/osx-arm64/dav1d-1.2.1-hb547adb_0.conda
  sha256: 93e077b880a85baec8227e8c72199220c7f87849ad32d02c14fb3807368260b8
  md5: 5a74cdee497e6b65173e10d94582fae6
  license: BSD-2-Clause
  license_family: BSD
  size: 316394
  timestamp: 1685695959391
- conda: https://conda.anaconda.org/conda-forge/osx-arm64/dbus-1.16.2-hda038a8_0.conda
  sha256: 2ef01ab52dedb477cb7291994ad556279b37c8ad457521e75c47cad20248ea30
  md5: 80c663e4f6b0fd8d6723ff7d68f09429
  depends:
  - __osx >=11.0
  - libcxx >=18
  - libzlib >=1.3.1,<2.0a0
  - libglib >=2.84.2,<3.0a0
  - libexpat >=2.7.0,<3.0a0
  license: GPL-2.0-or-later
  license_family: GPL
  size: 384376
  timestamp: 1747855177419
- conda: https://conda.anaconda.org/conda-forge/osx-arm64/fluidsynth-2.3.7-h80fea77_0.conda
  sha256: e4c39119797493d4f085cd6274e123372bec77e05ef93203ccf5dee714bfd9c3
  md5: dc2fc082a05af6a790d3e8e3e6489e6c
  depends:
  - __osx >=11.0
  - libcxx >=17
  - libglib >=2.82.2,<3.0a0
  - libsndfile >=1.2.2,<1.3.0a0
  - portaudio >=19.6.0,<19.7.0a0
  - readline >=8.2,<9.0a0
  - sdl2 >=2.30.7,<3.0a0
  license: GPL-2.0-or-later
  license_family: LGPL
  size: 234967
  timestamp: 1729590579216
- conda: https://conda.anaconda.org/conda-forge/noarch/font-ttf-dejavu-sans-mono-2.37-hab24e00_0.tar.bz2
  sha256: 58d7f40d2940dd0a8aa28651239adbf5613254df0f75789919c4e6762054403b
  md5: 0c96522c6bdaed4b1566d11387caaf45
  license: BSD-3-Clause
  license_family: BSD
  size: 397370
  timestamp: 1566932522327
- conda: https://conda.anaconda.org/conda-forge/noarch/font-ttf-inconsolata-3.000-h77eed37_0.tar.bz2
  sha256: c52a29fdac682c20d252facc50f01e7c2e7ceac52aa9817aaf0bb83f7559ec5c
  md5: 34893075a5c9e55cdafac56607368fc6
  license: OFL-1.1
  license_family: Other
  size: 96530
  timestamp: 1620479909603
- conda: https://conda.anaconda.org/conda-forge/noarch/font-ttf-source-code-pro-2.038-h77eed37_0.tar.bz2
  sha256: 00925c8c055a2275614b4d983e1df637245e19058d79fc7dd1a93b8d9fb4b139
  md5: 4d59c254e01d9cde7957100457e2d5fb
  license: OFL-1.1
  license_family: Other
  size: 700814
  timestamp: 1620479612257
- conda: https://conda.anaconda.org/conda-forge/noarch/font-ttf-ubuntu-0.83-h77eed37_3.conda
  sha256: 2821ec1dc454bd8b9a31d0ed22a7ce22422c0aef163c59f49dfdf915d0f0ca14
  md5: 49023d73832ef61042f6a237cb2687e7
  license: LicenseRef-Ubuntu-Font-Licence-Version-1.0
  license_family: Other
  size: 1620504
  timestamp: 1727511233259
- conda: https://conda.anaconda.org/conda-forge/osx-arm64/fontconfig-2.15.0-h1383a14_1.conda
  sha256: f79d3d816fafbd6a2b0f75ebc3251a30d3294b08af9bb747194121f5efa364bc
  md5: 7b29f48742cea5d1ccb5edd839cb5621
  depends:
  - __osx >=11.0
  - freetype >=2.12.1,<3.0a0
  - libexpat >=2.6.3,<3.0a0
  - libzlib >=1.3.1,<2.0a0
  license: MIT
  license_family: MIT
  size: 234227
  timestamp: 1730284037572
- conda: https://conda.anaconda.org/conda-forge/noarch/fonts-conda-ecosystem-1-0.tar.bz2
  sha256: a997f2f1921bb9c9d76e6fa2f6b408b7fa549edd349a77639c9fe7a23ea93e61
  md5: fee5683a3f04bd15cbd8318b096a27ab
  depends:
  - fonts-conda-forge
  license: BSD-3-Clause
  license_family: BSD
  size: 3667
  timestamp: 1566974674465
- conda: https://conda.anaconda.org/conda-forge/noarch/fonts-conda-forge-1-0.tar.bz2
  sha256: 53f23a3319466053818540bcdf2091f253cbdbab1e0e9ae7b9e509dcaa2a5e38
  md5: f766549260d6815b0c52253f1fb1bb29
  depends:
  - font-ttf-dejavu-sans-mono
  - font-ttf-inconsolata
  - font-ttf-source-code-pro
  - font-ttf-ubuntu
  license: BSD-3-Clause
  license_family: BSD
  size: 4102
  timestamp: 1566932280397
- conda: https://conda.anaconda.org/conda-forge/osx-arm64/freetype-2.14.1-hce30654_0.conda
  sha256: 14427aecd72e973a73d5f9dfd0e40b6bc3791d253de09b7bf233f6a9a190fd17
  md5: 1ec9a1ee7a2c9339774ad9bb6fe6caec
  depends:
  - libfreetype 2.14.1 hce30654_0
  - libfreetype6 2.14.1 h6da58f4_0
  license: GPL-2.0-only OR FTL
  size: 173399
  timestamp: 1757947175403
- conda: https://conda.anaconda.org/conda-forge/osx-arm64/gettext-0.25.1-h3dcc1bd_0.conda
  sha256: 129a81e9da9f60ae6955b49938447e7faeb7e1be815b2db99e76956dddf8c392
  md5: 7059ba83fd98707b2cd9a5f06f589dd4
  depends:
  - __osx >=11.0
  - gettext-tools 0.25.1 h493aca8_0
  - libasprintf 0.25.1 h493aca8_0
  - libasprintf-devel 0.25.1 h493aca8_0
  - libcxx >=18
  - libgettextpo 0.25.1 h493aca8_0
  - libgettextpo-devel 0.25.1 h493aca8_0
  - libiconv >=1.18,<2.0a0
  - libintl 0.25.1 h493aca8_0
  - libintl-devel 0.25.1 h493aca8_0
  license: LGPL-2.1-or-later AND GPL-3.0-or-later
  size: 543276
  timestamp: 1751558682952
- conda: https://conda.anaconda.org/conda-forge/osx-arm64/gettext-tools-0.25.1-h493aca8_0.conda
  sha256: e8dd68706676d5b6f6ee09240936a0ecd1ae12b87dbb37e4c4be263e332ab125
  md5: 817042c017930497931da6aa04a47f09
  depends:
  - __osx >=11.0
  - libiconv >=1.18,<2.0a0
  - libintl 0.25.1 h493aca8_0
  license: GPL-3.0-or-later
  license_family: GPL
  size: 3748044
  timestamp: 1751558602508
- conda: https://conda.anaconda.org/conda-forge/osx-arm64/graphite2-1.3.14-hec049ff_2.conda
  sha256: c507ae9989dbea7024aa6feaebb16cbf271faac67ac3f0342ef1ab747c20475d
  md5: 0fc46fee39e88bbcf5835f71a9d9a209
  depends:
  - __osx >=11.0
  - libcxx >=19
  license: LGPL-2.0-or-later
  license_family: LGPL
  size: 81202
  timestamp: 1755102333712
- conda: https://conda.anaconda.org/conda-forge/osx-arm64/harfbuzz-11.5.1-haf38c7b_0.conda
  sha256: ceea9b35e8e81a0e345035f2e46574a213b7d3d7b2f8fdd0cb049490bddde6c2
  md5: effd4cec7d221d77cd937a83132f5b9e
  depends:
  - __osx >=11.0
  - cairo >=1.18.4,<2.0a0
  - graphite2 >=1.3.14,<2.0a0
  - icu >=75.1,<76.0a0
  - libcxx >=19
  - libexpat >=2.7.1,<3.0a0
  - libfreetype >=2.14.1
  - libfreetype6 >=2.14.1
  - libglib >=2.86.0,<3.0a0
  - libzlib >=1.3.1,<2.0a0
  license: MIT
  license_family: MIT
  size: 1514711
  timestamp: 1758640885114
- conda: https://conda.anaconda.org/conda-forge/osx-arm64/icu-75.1-hfee45f7_0.conda
  sha256: 9ba12c93406f3df5ab0a43db8a4b4ef67a5871dfd401010fbe29b218b2cbe620
  md5: 5eb22c1d7b3fc4abb50d92d621583137
  depends:
  - __osx >=11.0
  license: MIT
  license_family: MIT
  size: 11857802
  timestamp: 1720853997952
- conda: https://conda.anaconda.org/conda-forge/noarch/importlib-metadata-8.7.0-pyhe01879c_1.conda
  sha256: c18ab120a0613ada4391b15981d86ff777b5690ca461ea7e9e49531e8f374745
  md5: 63ccfdc3a3ce25b027b8767eb722fca8
  depends:
  - python >=3.9
  - zipp >=3.20
  - python
  license: Apache-2.0
  license_family: APACHE
  size: 34641
  timestamp: 1747934053147
- conda: https://conda.anaconda.org/conda-forge/noarch/jupyter_client-8.6.3-pyhd8ed1ab_1.conda
  sha256: 19d8bd5bb2fde910ec59e081eeb59529491995ce0d653a5209366611023a0b3a
  md5: 4ebae00eae9705b0c3d6d1018a81d047
  depends:
  - importlib-metadata >=4.8.3
  - jupyter_core >=4.12,!=5.0.*
  - python >=3.9
  - python-dateutil >=2.8.2
  - pyzmq >=23.0
  - tornado >=6.2
  - traitlets >=5.3
  license: BSD-3-Clause
  license_family: BSD
  size: 106342
  timestamp: 1733441040958
- conda: https://conda.anaconda.org/conda-forge/noarch/jupyter_core-5.8.1-pyh31011fe_0.conda
  sha256: 56a7a7e907f15cca8c4f9b0c99488276d4cb10821d2d15df9245662184872e81
  md5: b7d89d860ebcda28a5303526cdee68ab
  depends:
  - __unix
  - platformdirs >=2.5
  - python >=3.8
  - traitlets >=5.3
  license: BSD-3-Clause
  license_family: BSD
  size: 59562
  timestamp: 1748333186063
- conda: https://conda.anaconda.org/conda-forge/osx-arm64/krb5-1.21.3-h237132a_0.conda
  sha256: 4442f957c3c77d69d9da3521268cad5d54c9033f1a73f99cde0a3658937b159b
  md5: c6dc8a0fdec13a0565936655c33069a1
  depends:
  - __osx >=11.0
  - libcxx >=16
  - libedit >=3.1.20191231,<3.2.0a0
  - libedit >=3.1.20191231,<4.0a0
  - openssl >=3.3.1,<4.0a0
  license: MIT
  license_family: MIT
  size: 1155530
  timestamp: 1719463474401
- conda: https://conda.anaconda.org/conda-forge/osx-arm64/lame-3.100-h1a8c8d9_1003.tar.bz2
  sha256: f40ce7324b2cf5338b766d4cdb8e0453e4156a4f83c2f31bbfff750785de304c
  md5: bff0e851d66725f78dc2fd8b032ddb7e
  license: LGPL-2.0-only
  license_family: LGPL
  size: 528805
  timestamp: 1664996399305
- conda: https://conda.anaconda.org/conda-forge/osx-arm64/lerc-4.0.0-hd64df32_1.conda
  sha256: 12361697f8ffc9968907d1a7b5830e34c670e4a59b638117a2cdfed8f63a38f8
  md5: a74332d9b60b62905e3d30709df08bf1
  depends:
  - __osx >=11.0
  - libcxx >=18
  license: Apache-2.0
  license_family: Apache
  size: 188306
  timestamp: 1745264362794
- conda: https://conda.anaconda.org/conda-forge/osx-arm64/libasprintf-0.25.1-h493aca8_0.conda
  sha256: 7265547424e978ea596f51cc8e7b81638fb1c660b743e98cc4deb690d9d524ab
  md5: 0deb80a2d6097c5fb98b495370b2435b
  depends:
  - __osx >=11.0
  - libcxx >=18
  license: LGPL-2.1-or-later
  size: 52316
  timestamp: 1751558366611
- conda: https://conda.anaconda.org/conda-forge/osx-arm64/libasprintf-devel-0.25.1-h493aca8_0.conda
  sha256: fc76b07620eabde52928c69bcdcb5497da3fdad3331a76f9d4bffeb27e0bdd8f
  md5: c18067d2d5864e77f84456d97c1c17cc
  depends:
  - __osx >=11.0
  - libasprintf 0.25.1 h493aca8_0
  license: LGPL-2.1-or-later
  size: 35256
  timestamp: 1751558418167
- conda: https://conda.anaconda.org/conda-forge/osx-arm64/libavif16-1.3.0-hb06b76e_2.conda
  sha256: 8bd31f1fc65a177815d9abebf42768a1d8b5b07b055d54485bcb4b1beb93993a
  md5: ab7aaf5c139849228894d3ac72ec8f77
  depends:
  - __osx >=11.0
  - aom >=3.9.1,<3.10.0a0
  - dav1d >=1.2.1,<1.2.2.0a0
  - rav1e >=0.7.1,<0.8.0a0
  - svt-av1 >=3.1.2,<3.1.3.0a0
  license: BSD-2-Clause
  license_family: BSD
  size: 110723
  timestamp: 1756124882419
- conda: https://conda.anaconda.org/conda-forge/osx-arm64/libcxx-21.1.3-hf598326_0.conda
  sha256: b9bad452e3e1d0cc597d907681461341209cb7576178d5c1933026a650b381d1
  md5: e976227574dfcd0048324576adf8d60d
  depends:
  - __osx >=11.0
  license: Apache-2.0 WITH LLVM-exception
  license_family: Apache
  size: 568715
  timestamp: 1760166479630
- conda: https://conda.anaconda.org/conda-forge/osx-arm64/libdeflate-1.24-h5773f1b_0.conda
  sha256: 417d52b19c679e1881cce3f01cad3a2d542098fa2d6df5485aac40f01aede4d1
  md5: 3baf58a5a87e7c2f4d243ce2f8f2fe5c
  depends:
  - __osx >=11.0
  license: MIT
  license_family: MIT
  size: 54790
  timestamp: 1747040549847
- conda: https://conda.anaconda.org/conda-forge/osx-arm64/libedit-3.1.20250104-pl5321hafb1f1b_0.conda
  sha256: 66aa216a403de0bb0c1340a88d1a06adaff66bae2cfd196731aa24db9859d631
  md5: 44083d2d2c2025afca315c7a172eab2b
  depends:
  - ncurses
  - __osx >=11.0
  - ncurses >=6.5,<7.0a0
  license: BSD-2-Clause
  license_family: BSD
  size: 107691
  timestamp: 1738479560845
- conda: https://conda.anaconda.org/conda-forge/osx-arm64/libexpat-2.7.1-hec049ff_0.conda
  sha256: 8fbb17a56f51e7113ed511c5787e0dec0d4b10ef9df921c4fd1cccca0458f648
  md5: b1ca5f21335782f71a8bd69bdc093f67
  depends:
  - __osx >=11.0
  constrains:
  - expat 2.7.1.*
  license: MIT
  license_family: MIT
  size: 65971
  timestamp: 1752719657566
- conda: https://conda.anaconda.org/conda-forge/osx-arm64/libffi-3.4.6-h1da3d7d_1.conda
  sha256: c6a530924a9b14e193ea9adfe92843de2a806d1b7dbfd341546ece9653129e60
  md5: c215a60c2935b517dcda8cad4705734d
  depends:
  - __osx >=11.0
  license: MIT
  license_family: MIT
  size: 39839
  timestamp: 1743434670405
- conda: https://conda.anaconda.org/conda-forge/osx-arm64/libflac-1.4.3-hb765f3a_0.conda
  sha256: 3990b52782fe7207ab642df25368ed443094f6d1a7ea61854935c24192b388aa
  md5: 356faba64411660f6c4d24ea31640733
  depends:
  - gettext >=0.21.1,<1.0a0
  - libcxx >=15.0.7
  - libogg 1.3.*
  - libogg >=1.3.4,<1.4.0a0
  license: BSD-3-Clause
  license_family: BSD
  size: 314408
  timestamp: 1687766236790
- conda: https://conda.anaconda.org/conda-forge/osx-arm64/libfreetype-2.14.1-hce30654_0.conda
  sha256: 9de25a86066f078822d8dd95a83048d7dc2897d5d655c0e04a8a54fca13ef1ef
  md5: f35fb38e89e2776994131fbf961fa44b
  depends:
  - libfreetype6 >=2.14.1
  license: GPL-2.0-only OR FTL
  size: 7810
  timestamp: 1757947168537
- conda: https://conda.anaconda.org/conda-forge/osx-arm64/libfreetype6-2.14.1-h6da58f4_0.conda
  sha256: cc4aec4c490123c0f248c1acd1aeab592afb6a44b1536734e20937cda748f7cd
  md5: 6d4ede03e2a8e20eb51f7f681d2a2550
  depends:
  - __osx >=11.0
  - libpng >=1.6.50,<1.7.0a0
  - libzlib >=1.3.1,<2.0a0
  constrains:
  - freetype >=2.14.1
  license: GPL-2.0-only OR FTL
  size: 346703
  timestamp: 1757947166116
- conda: https://conda.anaconda.org/conda-forge/osx-arm64/libgettextpo-0.25.1-h493aca8_0.conda
  sha256: 3ba35ff26b3b9573b5df5b9bbec5c61476157ec3a9f12c698e2a9350cd4338fd
  md5: 98acd9989d0d8d5914ccc86dceb6c6c2
  depends:
  - __osx >=11.0
  - libiconv >=1.18,<2.0a0
  - libintl 0.25.1 h493aca8_0
  license: GPL-3.0-or-later
  license_family: GPL
  size: 183091
  timestamp: 1751558452316
- conda: https://conda.anaconda.org/conda-forge/osx-arm64/libgettextpo-devel-0.25.1-h493aca8_0.conda
  sha256: 976941e18f879e5c1e67553f9657f7bb9d3935c89014ebfeafe89dcfba2de9e7
  md5: 91c2fdde1cb4a61b5cb7afa682af359e
  depends:
  - __osx >=11.0
  - libgettextpo 0.25.1 h493aca8_0
  - libiconv >=1.18,<2.0a0
  - libintl 0.25.1 h493aca8_0
  license: GPL-3.0-or-later
  license_family: GPL
  size: 37894
  timestamp: 1751558502415
- conda: https://conda.anaconda.org/conda-forge/osx-arm64/libglib-2.86.0-h1bb475b_0.conda
  sha256: 92d17f998e14218810493c9190c8721bf7f7f006bfc5c00dbba1cede83c02f1a
  md5: 9e065148e6013b7d7cae64ed01ab7081
  depends:
  - __osx >=11.0
  - libffi >=3.4.6,<3.5.0a0
  - libiconv >=1.18,<2.0a0
  - libintl >=0.25.1,<1.0a0
  - libzlib >=1.3.1,<2.0a0
  - pcre2 >=10.46,<10.47.0a0
  constrains:
  - glib 2.86.0 *_0
  license: LGPL-2.1-or-later
  size: 3701880
  timestamp: 1757404501093
- conda: https://conda.anaconda.org/conda-forge/osx-arm64/libiconv-1.18-h23cfdf5_2.conda
  sha256: de0336e800b2af9a40bdd694b03870ac4a848161b35c8a2325704f123f185f03
  md5: 4d5a7445f0b25b6a3ddbb56e790f5251
  depends:
  - __osx >=11.0
  license: LGPL-2.1-only
  size: 750379
  timestamp: 1754909073836
- conda: https://conda.anaconda.org/conda-forge/osx-arm64/libintl-0.25.1-h493aca8_0.conda
  sha256: 99d2cebcd8f84961b86784451b010f5f0a795ed1c08f1e7c76fbb3c22abf021a
  md5: 5103f6a6b210a3912faf8d7db516918c
  depends:
  - __osx >=11.0
  - libiconv >=1.18,<2.0a0
  license: LGPL-2.1-or-later
  size: 90957
  timestamp: 1751558394144
- conda: https://conda.anaconda.org/conda-forge/osx-arm64/libintl-devel-0.25.1-h493aca8_0.conda
  sha256: 5a446cb0501d87e0816da0bce524c60a053a4cf23c94dfd3e2b32a8499009e36
  md5: 5f9888e1cdbbbef52c8cf8b567393535
  depends:
  - __osx >=11.0
  - libiconv >=1.18,<2.0a0
  - libintl 0.25.1 h493aca8_0
  license: LGPL-2.1-or-later
  size: 40340
  timestamp: 1751558481257
- conda: https://conda.anaconda.org/conda-forge/osx-arm64/libjpeg-turbo-3.1.0-h5505292_0.conda
  sha256: 78df2574fa6aa5b6f5fc367c03192f8ddf8e27dc23641468d54e031ff560b9d4
  md5: 01caa4fbcaf0e6b08b3aef1151e91745
  depends:
  - __osx >=11.0
  constrains:
  - jpeg <0.0.0a
  license: IJG AND BSD-3-Clause AND Zlib
  size: 553624
  timestamp: 1745268405713
- conda: https://conda.anaconda.org/conda-forge/osx-arm64/liblzma-5.8.1-h39f12f2_2.conda
  sha256: 0cb92a9e026e7bd4842f410a5c5c665c89b2eb97794ffddba519a626b8ce7285
  md5: d6df911d4564d77c4374b02552cb17d1
  depends:
  - __osx >=11.0
  constrains:
  - xz 5.8.1.*
  license: 0BSD
  size: 92286
  timestamp: 1749230283517
- conda: https://conda.anaconda.org/conda-forge/osx-arm64/libmad-0.15.1b-h1a8c8d9_1001.conda
  sha256: 8e9209acf4bf6865760e61dc0d86116ffc9efc3e13c7f559eb1ea78532a3a625
  md5: 1eb30852ed396fbe6e301fe6d715aef9
  license: GPL-2.0-only
  license_family: GPL
  size: 77255
  timestamp: 1670815732700
- conda: https://conda.anaconda.org/conda-forge/osx-arm64/libogg-1.3.5-h48c0fde_1.conda
  sha256: 28bd1fe20fe43da105da41b95ac201e95a1616126f287985df8e86ddebd1c3d8
  md5: 29b8b11f6d7e6bd0e76c029dcf9dd024
  depends:
  - __osx >=11.0
  license: BSD-3-Clause
  license_family: BSD
  size: 216719
  timestamp: 1745826006052
- conda: https://conda.anaconda.org/conda-forge/osx-arm64/libopus-1.5.2-h48c0fde_0.conda
  sha256: 3a01094a59dd59d7a5a1c8e838c2ef3fccf9e098af575c38c26fceb56c6bb917
  md5: 882feb9903f31dca2942796a360d1007
  depends:
  - __osx >=11.0
  license: BSD-3-Clause
  license_family: BSD
  size: 299498
  timestamp: 1744330988108
- conda: https://conda.anaconda.org/conda-forge/osx-arm64/libpng-1.6.50-h280e0eb_1.conda
  sha256: a2e0240fb0c79668047b528976872307ea80cb330baf8bf6624ac2c6443449df
  md5: 4d0f5ce02033286551a32208a5519884
  depends:
  - __osx >=11.0
  - libzlib >=1.3.1,<2.0a0
  license: zlib-acknowledgement
  size: 287056
  timestamp: 1753879907258
- conda: https://conda.anaconda.org/conda-forge/osx-arm64/libsndfile-1.2.2-h9739721_1.conda
  sha256: e559f2f72bb03a554aa5b74230fa19160d33c7981ed385294f1eea9a5871cc03
  md5: 77d552455cbc52e089cdb9df5b283199
  depends:
  - lame >=3.100,<3.101.0a0
  - libcxx >=15.0.7
  - libflac >=1.4.3,<1.5.0a0
  - libogg >=1.3.4,<1.4.0a0
  - libopus >=1.3.1,<2.0a0
  - libvorbis >=1.3.7,<1.4.0a0
  - mpg123 >=1.32.1,<1.33.0a0
  license: LGPL-2.1-or-later
  license_family: LGPL
  size: 317185
  timestamp: 1695747981394
- conda: https://conda.anaconda.org/conda-forge/osx-arm64/libsodium-1.0.20-h99b78c6_0.conda
  sha256: fade8223e1e1004367d7101dd17261003b60aa576df6d7802191f8972f7470b1
  md5: a7ce36e284c5faaf93c220dfc39e3abd
  depends:
  - __osx >=11.0
  license: ISC
  size: 164972
  timestamp: 1716828607917
- conda: https://conda.anaconda.org/conda-forge/osx-arm64/libsqlite-3.50.4-h4237e3c_0.conda
  sha256: 802ebe62e6bc59fc26b26276b793e0542cfff2d03c086440aeaf72fb8bbcec44
  md5: 1dcb0468f5146e38fae99aef9656034b
  depends:
  - __osx >=11.0
  - icu >=75.1,<76.0a0
  - libzlib >=1.3.1,<2.0a0
  license: blessing
  size: 902645
  timestamp: 1753948599139
- conda: https://conda.anaconda.org/conda-forge/osx-arm64/libtiff-4.7.1-h7dc4979_0.conda
  sha256: 6bc1b601f0d3ee853acd23884a007ac0a0290f3609dabb05a47fc5a0295e2b53
  md5: 2bb9e04e2da869125e2dc334d665f00d
  depends:
  - __osx >=11.0
  - lerc >=4.0.0,<5.0a0
  - libcxx >=19
  - libdeflate >=1.24,<1.25.0a0
  - libjpeg-turbo >=3.1.0,<4.0a0
  - liblzma >=5.8.1,<6.0a0
  - libwebp-base >=1.6.0,<2.0a0
  - libzlib >=1.3.1,<2.0a0
  - zstd >=1.5.7,<1.6.0a0
  license: HPND
  size: 373640
  timestamp: 1758278641520
- conda: https://conda.anaconda.org/conda-forge/osx-arm64/libusb-1.0.29-hbc156a2_0.conda
  sha256: 5eee9a2bf359e474d4548874bcfc8d29ebad0d9ba015314439c256904e40aaad
  md5: f6654e9e96e9d973981b3b2f898a5bfa
  depends:
  - __osx >=11.0
  license: LGPL-2.1-or-later
  size: 83849
  timestamp: 1748856224950
- conda: https://conda.anaconda.org/conda-forge/osx-arm64/libvorbis-1.3.7-h81086ad_2.conda
  sha256: 95768e4eceaffb973081fd986d03da15d93aa10609ed202e6fd5ca1e490a3dce
  md5: 719e7653178a09f5ca0aa05f349b41f7
  depends:
  - libogg
  - libcxx >=19
  - __osx >=11.0
  - libogg >=1.3.5,<1.4.0a0
  license: BSD-3-Clause
  license_family: BSD
  size: 259122
  timestamp: 1753879389702
- conda: https://conda.anaconda.org/conda-forge/osx-arm64/libvulkan-loader-1.4.328.1-h49c215f_0.conda
  sha256: 7cdf4f61f38dad4765762d1e8f916c81e8221414911012f8aba294f5dce0e0ba
  md5: 978586f8c141eed794868a8f9834e3b0
  depends:
  - libcxx >=19
  - __osx >=11.0
  constrains:
  - libvulkan-headers 1.4.328.1.*
  license: Apache-2.0
  license_family: APACHE
  size: 177829
  timestamp: 1759972150912
- conda: https://conda.anaconda.org/conda-forge/osx-arm64/libwebp-base-1.6.0-h07db88b_0.conda
  sha256: a4de3f371bb7ada325e1f27a4ef7bcc81b2b6a330e46fac9c2f78ac0755ea3dd
  md5: e5e7d467f80da752be17796b87fe6385
  depends:
  - __osx >=11.0
  constrains:
  - libwebp 1.6.0
  license: BSD-3-Clause
  license_family: BSD
  size: 294974
  timestamp: 1752159906788
- conda: https://conda.anaconda.org/conda-forge/osx-arm64/libzlib-1.3.1-h8359307_2.conda
  sha256: ce34669eadaba351cd54910743e6a2261b67009624dbc7daeeafdef93616711b
  md5: 369964e85dc26bfe78f41399b366c435
  depends:
  - __osx >=11.0
  constrains:
  - zlib 1.3.1 *_2
  license: Zlib
  license_family: Other
  size: 46438
  timestamp: 1727963202283
- conda: https://conda.modular.com/max-nightly/noarch/mblack-25.7.0.dev2025101405-release.conda
  noarch: python
  sha256: 09653c426c11219743d7e45b7b9ff00d6373cf664bfe2d32cbcf701a74b64969
  depends:
  - python >=3.10
  - click >=8.0.0
  - mypy_extensions >=0.4.3
  - packaging >=22.0
  - pathspec >=0.9.0
  - platformdirs >=2
  - tomli >=1.1.0
  - typing_extensions >=v4.12.2
  - python
  license: MIT
  size: 138358
  timestamp: 1760419276308
- conda: https://conda.modular.com/max-nightly/osx-arm64/mojo-0.25.7.0.dev2025101405-release.conda
  sha256: 3570de88d1bda2f96688da2e3700834a3938b3ef88ac6691c7bb89cbd5bcbf74
  depends:
  - python >=3.10
  - mojo-compiler ==0.25.7.0.dev2025101405 release
  - mblack ==25.7.0.dev2025101405 release
  - jupyter_client >=8.6.2,<8.7
  license: LicenseRef-Modular-Proprietary
  size: 76551051
  timestamp: 1760419506003
- conda: https://conda.modular.com/max-nightly/osx-arm64/mojo-compiler-0.25.7.0.dev2025101405-release.conda
  sha256: 53257d099ba4324f534aa4821c23757bcdb338b10aa66d70c3fe18cac8692df7
  depends:
  - mojo-python ==0.25.7.0.dev2025101405 release
  license: LicenseRef-Modular-Proprietary
  size: 62084723
  timestamp: 1760419506003
- conda: https://conda.modular.com/max-nightly/noarch/mojo-python-0.25.7.0.dev2025101405-release.conda
  noarch: python
  sha256: ca77bca8589b51fdaacec639ff97189ea12a9e683cb948dd7c7e665c34e9c7a9
  depends:
  - python
  license: LicenseRef-Modular-Proprietary
  size: 24654
  timestamp: 1760419276307
- conda: https://conda.anaconda.org/conda-forge/osx-arm64/mpg123-1.32.9-hf642e45_0.conda
  sha256: 070bbbbb96856c325c0b6637638ce535afdc49adbaff306e2238c6032d28dddf
  md5: d2b4857bdc3b76c36e23236172d09840
  depends:
  - __osx >=11.0
  - libcxx >=18
  license: LGPL-2.1-only
  license_family: LGPL
  size: 360712
  timestamp: 1730581491116
- conda: https://conda.anaconda.org/conda-forge/noarch/mypy_extensions-1.1.0-pyha770c72_0.conda
  sha256: 6ed158e4e5dd8f6a10ad9e525631e35cee8557718f83de7a4e3966b1f772c4b1
  md5: e9c622e0d00fa24a6292279af3ab6d06
  depends:
  - python >=3.9
  license: MIT
  license_family: MIT
  size: 11766
  timestamp: 1745776666688
- conda: https://conda.anaconda.org/conda-forge/osx-arm64/ncurses-6.5-h5e97a16_3.conda
  sha256: 2827ada40e8d9ca69a153a45f7fd14f32b2ead7045d3bbb5d10964898fe65733
  md5: 068d497125e4bf8a66bf707254fff5ae
  depends:
  - __osx >=11.0
  license: X11 AND BSD-3-Clause
  size: 797030
  timestamp: 1738196177597
- conda: https://conda.anaconda.org/conda-forge/osx-arm64/openssl-3.5.4-h5503f6c_0.conda
  sha256: f0512629f9589392c2fb9733d11e753d0eab8fc7602f96e4d7f3bd95c783eb07
  md5: 71118318f37f717eefe55841adb172fd
  depends:
  - __osx >=11.0
  - ca-certificates
  license: Apache-2.0
  license_family: Apache
  size: 3067808
  timestamp: 1759324763146
- conda: https://conda.anaconda.org/conda-forge/osx-arm64/opusfile-0.12-h5643135_2.conda
  sha256: 108dbee936a8e3c21d2aa5618326343844df8f1fe14067c4dc5a731d7945ecc0
  md5: e34e472ae04beeb642c5e937a2aeeebf
  depends:
  - libogg >=1.3.4,<1.4.0a0
  - libopus >=1.3.1,<2.0a0
  - openssl >=3.0.7,<4.0a0
  license: BSD-3-Clause
  license_family: BSD
  size: 80128
  timestamp: 1670387790769
- conda: https://conda.anaconda.org/conda-forge/noarch/packaging-25.0-pyh29332c3_1.conda
  sha256: 289861ed0c13a15d7bbb408796af4de72c2fe67e2bcb0de98f4c3fce259d7991
  md5: 58335b26c38bf4a20f399384c33cbcf9
  depends:
  - python >=3.8
  - python
  license: Apache-2.0
  license_family: APACHE
  size: 62477
  timestamp: 1745345660407
- conda: https://conda.anaconda.org/conda-forge/noarch/pathspec-0.12.1-pyhd8ed1ab_1.conda
  sha256: 9f64009cdf5b8e529995f18e03665b03f5d07c0b17445b8badef45bde76249ee
  md5: 617f15191456cc6a13db418a275435e5
  depends:
  - python >=3.9
  license: MPL-2.0
  license_family: MOZILLA
  size: 41075
  timestamp: 1733233471940
- conda: https://conda.anaconda.org/conda-forge/osx-arm64/pcre2-10.46-h7125dd6_0.conda
  sha256: 5bf2eeaa57aab6e8e95bea6bd6bb2a739f52eb10572d8ed259d25864d3528240
  md5: 0e6e82c3cc3835f4692022e9b9cd5df8
  depends:
  - __osx >=11.0
  - bzip2 >=1.0.8,<2.0a0
  - libzlib >=1.3.1,<2.0a0
  license: BSD-3-Clause
  license_family: BSD
  size: 835080
  timestamp: 1756743041908
- conda: https://conda.anaconda.org/conda-forge/osx-arm64/pixman-0.46.4-h81086ad_1.conda
  sha256: 29c9b08a9b8b7810f9d4f159aecfd205fce051633169040005c0b7efad4bc718
  md5: 17c3d745db6ea72ae2fce17e7338547f
  depends:
  - __osx >=11.0
  - libcxx >=19
  license: MIT
  license_family: MIT
  size: 248045
  timestamp: 1754665282033
- conda: https://conda.anaconda.org/conda-forge/noarch/platformdirs-4.5.0-pyhcf101f3_0.conda
  sha256: 7efd51b48d908de2d75cbb3c4a2e80dd9454e1c5bb8191b261af3136f7fa5888
  md5: 5c7a868f8241e64e1cf5fdf4962f23e2
  depends:
  - python >=3.10
  - python
  license: MIT
  license_family: MIT
  size: 23625
  timestamp: 1759953252315
- conda: https://conda.anaconda.org/conda-forge/osx-arm64/portaudio-19.6.0-h13dd4ca_9.conda
  sha256: 5ff2b55d685c29dfe632ef856796a4b862305088543d4982f0b807e8d9bb756e
  md5: d325d46394b6c46d15718c855fb20b4a
  depends:
  - libcxx >=15.0.7
  license: MIT
  license_family: MIT
  size: 78863
  timestamp: 1693868663440
- conda: https://conda.anaconda.org/conda-forge/osx-arm64/portmidi-2.0.6-h286801f_0.conda
  sha256: adddc071e03a799d5e18d6f1fa0f0d6fc9a99b3f7a6796b18a12a7b5e3f05885
  md5: 5985a83d15a126fe0c9c6abf7ff3d1df
  depends:
  - __osx >=11.0
  - libcxx >=18
  license: MIT
  license_family: MIT
  size: 41407
  timestamp: 1750372262579
- conda: https://conda.anaconda.org/conda-forge/osx-arm64/pygame-2.6.1-py312hb14fe3b_0.conda
  sha256: 78b91e7b4cee736829f96ec8445674d03b60c03cc51da6f74cac1a14286fe686
  md5: 3a2a4db46a57a51f36f4d79f9f9b6c97
  depends:
  - __osx >=11.0
  - fontconfig >=2.14.2,<3.0a0
  - fonts-conda-ecosystem
  - freetype >=2.12.1,<3.0a0
  - libcxx >=17
  - libjpeg-turbo >=3.0.0,<4.0a0
  - libpng >=1.6.44,<1.7.0a0
  - libzlib >=1.3.1,<2.0a0
  - portmidi >=2.0.4,<3.0a0
  - python >=3.12,<3.13.0a0
  - python >=3.12,<3.13.0a0 *_cpython
  - python_abi 3.12.* *_cp312
  - sdl2 >=2.30.7,<3.0a0
  - sdl2_image >=2.8.2,<3.0a0
  - sdl2_mixer >=2.6.3,<3.0a0
  - sdl2_ttf >=2.22.0,<3.0a0
  license: LGPL-2.1-only
  size: 2932509
  timestamp: 1727636775263
- conda: https://conda.anaconda.org/conda-forge/osx-arm64/python-3.12.12-hec0b533_0_cpython.conda
  sha256: 63d5362621bbf3b0d90424f5fc36983d7be2434f6d0b2a8e431ac78a69a1c01d
  md5: 5a732c06cbf90455a95dc6f6b1dd7061
  depends:
  - __osx >=11.0
  - bzip2 >=1.0.8,<2.0a0
  - libexpat >=2.7.1,<3.0a0
  - libffi >=3.4.6,<3.5.0a0
  - liblzma >=5.8.1,<6.0a0
  - libsqlite >=3.50.4,<4.0a0
  - libzlib >=1.3.1,<2.0a0
  - ncurses >=6.5,<7.0a0
  - openssl >=3.5.4,<4.0a0
  - readline >=8.2,<9.0a0
  - tk >=8.6.13,<8.7.0a0
  - tzdata
  constrains:
  - python_abi 3.12.* *_cp312
  license: Python-2.0
  size: 12905286
  timestamp: 1760367318303
- conda: https://conda.anaconda.org/conda-forge/noarch/python-dateutil-2.9.0.post0-pyhe01879c_2.conda
  sha256: d6a17ece93bbd5139e02d2bd7dbfa80bee1a4261dced63f65f679121686bf664
  md5: 5b8d21249ff20967101ffa321cab24e8
  depends:
  - python >=3.9
  - six >=1.5
  - python
  license: Apache-2.0
  license_family: APACHE
  size: 233310
  timestamp: 1751104122689
- conda: https://conda.anaconda.org/conda-forge/noarch/python-gil-3.12.12-hd8ed1ab_0.conda
  sha256: 609a723cb132c2454031b443fca0d42dca38f5a5acf1bb994e8d4356b1e13b98
  md5: b317ae484dd8214de8ee7f0839be3500
  depends:
  - cpython 3.12.12.*
  - python_abi * *_cp312
  license: Python-2.0
  size: 45861
  timestamp: 1760365766655
- conda: https://conda.anaconda.org/conda-forge/noarch/python_abi-3.12-8_cp312.conda
  build_number: 8
  sha256: 80677180dd3c22deb7426ca89d6203f1c7f1f256f2d5a94dc210f6e758229809
  md5: c3efd25ac4d74b1584d2f7a57195ddf1
  constrains:
  - python 3.12.* *_cpython
  license: BSD-3-Clause
  license_family: BSD
  size: 6958
  timestamp: 1752805918820
- conda: https://conda.anaconda.org/conda-forge/osx-arm64/pyzmq-27.1.0-py312hd65ceae_0.conda
  noarch: python
  sha256: ef33812c71eccf62ea171906c3e7fc1c8921f31e9cc1fbc3f079f3f074702061
  md5: bbd22b0f0454a5972f68a5f200643050
  depends:
  - python
  - __osx >=11.0
  - libcxx >=19
  - _python_abi3_support 1.*
  - cpython >=3.12
  - zeromq >=4.3.5,<4.4.0a0
  license: BSD-3-Clause
  license_family: BSD
  size: 191115
  timestamp: 1757387128258
- conda: https://conda.anaconda.org/conda-forge/osx-arm64/rav1e-0.7.1-h0716509_3.conda
  sha256: 65f862b2b31ef2b557990a82015cbd41e5a66041c2f79b4451dd14b4595d4c04
  md5: 7b37f30516100b86ea522350c8cab44c
  depends:
  - __osx >=11.0
  constrains:
  - __osx >=11.0
  license: BSD-2-Clause
  license_family: BSD
  size: 856271
  timestamp: 1746622200646
- conda: https://conda.anaconda.org/conda-forge/osx-arm64/readline-8.2-h1d1bf99_2.conda
  sha256: 7db04684d3904f6151eff8673270922d31da1eea7fa73254d01c437f49702e34
  md5: 63ef3f6e6d6d5c589e64f11263dc5676
  depends:
  - ncurses >=6.5,<7.0a0
  license: GPL-3.0-only
  license_family: GPL
  size: 252359
  timestamp: 1740379663071
- conda: https://conda.anaconda.org/conda-forge/osx-arm64/sdl2-2.32.56-h248ca61_0.conda
  sha256: 704c5cae4bc839a18c70cbf3387d7789f1902828c79c6ddabcd34daf594f4103
  md5: 092c5b693dc6adf5f409d12f33295a2a
  depends:
  - libcxx >=19
  - __osx >=11.0
  - sdl3 >=3.2.22,<4.0a0
  license: Zlib
  size: 542508
  timestamp: 1757842919681
- conda: https://conda.anaconda.org/conda-forge/osx-arm64/sdl2_image-2.8.2-h376e2e1_1.conda
  sha256: 8c385478a7b6a6e34b3b3f3d48ed48f504698544987ad331f03a7b43b11d689a
  md5: 247d2c5a873901ef51f378c69a2c708e
  depends:
  - __osx >=11.0
  - libavif16 >=1.0.4,<2.0a0
  - libcxx >=16
  - libjpeg-turbo >=3.0.0,<4.0a0
  - libpng >=1.6.43,<1.7.0a0
  - libtiff >=4.6.0,<4.8.0a0
  - libwebp-base >=1.4.0,<2.0a0
  - libzlib >=1.2.13,<2.0.0a0
  - sdl2 >=2.30.2,<3.0a0
  license: Zlib
  size: 118041
  timestamp: 1716857215118
- conda: https://conda.anaconda.org/conda-forge/osx-arm64/sdl2_mixer-2.6.3-h4fe3bdc_1.conda
  sha256: fcaaf1b589aed11498f5b9735b996fb92ff18e4673a4c804bbfa28eb00264e06
  md5: b92222911d46f08faa583df51191bd7f
  depends:
  - fluidsynth >=2.3.4,<2.4.0a0
  - libcxx >=15.0.7
  - libflac >=1.4.3,<1.5.0a0
  - libmad >=0.15.1b,<0.16.0a0
  - libogg >=1.3.4,<1.4.0a0
  - libvorbis >=1.3.7,<1.4.0a0
  - mpg123 >=1.32.1,<1.33.0a0
  - opusfile >=0.12,<0.13.0a0
  - sdl2 >=2.28.3,<3.0a0
  license: Zlib
  size: 188504
  timestamp: 1695762176058
- conda: https://conda.anaconda.org/conda-forge/osx-arm64/sdl2_ttf-2.24.0-h49b19f9_1.conda
  sha256: 8682907cc92eca66771e4fe951feb97396a1d76b73a6d910f3888d93951a3dc2
  md5: a9a40538ce016f25b160e80a193f4075
  depends:
  - __osx >=11.0
  - freetype >=2.13.3,<3.0a0
  - harfbuzz >=11.0.0,<12.0a0
  - sdl2 >=2.32.50,<3.0a0
  license: Zlib
  size: 45515
  timestamp: 1743198654173
- conda: https://conda.anaconda.org/conda-forge/osx-arm64/sdl3-3.2.24-h919df07_0.conda
  sha256: 1533fa1a5614a4fa3419889de65a19a6d281a8b74e5c760c73376f7e84c4cf4e
  md5: 9d88d4549fbb44074b5859c1571a8f5d
  depends:
  - __osx >=11.0
  - libcxx >=19
  - libusb >=1.0.29,<2.0a0
  - dbus >=1.16.2,<2.0a0
  - libvulkan-loader >=1.4.313.0,<2.0a0
  license: Zlib
  size: 1416326
  timestamp: 1759445837684
- conda: https://conda.anaconda.org/conda-forge/noarch/six-1.17.0-pyhe01879c_1.conda
  sha256: 458227f759d5e3fcec5d9b7acce54e10c9e1f4f4b7ec978f3bfd54ce4ee9853d
  md5: 3339e3b65d58accf4ca4fb8748ab16b3
  depends:
  - python >=3.9
  - python
  license: MIT
  license_family: MIT
  size: 18455
  timestamp: 1753199211006
- conda: https://conda.anaconda.org/conda-forge/osx-arm64/svt-av1-3.1.2-h12ba402_0.conda
  sha256: 3b0f4f2a6697f0cdbbe0c0b5f5c7fa8064483d58b4d9674d5babda7f7146af7a
  md5: cb56c114b25f20bd09ef1c66a21136ff
  depends:
  - __osx >=11.0
  - libcxx >=19
  license: BSD-2-Clause
  license_family: BSD
  size: 1474592
  timestamp: 1756086729326
- conda: https://conda.anaconda.org/conda-forge/osx-arm64/tk-8.6.13-h892fb3f_2.conda
  sha256: cb86c522576fa95c6db4c878849af0bccfd3264daf0cc40dd18e7f4a7bfced0e
  md5: 7362396c170252e7b7b0c8fb37fe9c78
  depends:
  - __osx >=11.0
  - libzlib >=1.3.1,<2.0a0
  license: TCL
  license_family: BSD
  size: 3125538
  timestamp: 1748388189063
- conda: https://conda.anaconda.org/conda-forge/noarch/tomli-2.3.0-pyhcf101f3_0.conda
  sha256: cb77c660b646c00a48ef942a9e1721ee46e90230c7c570cdeb5a893b5cce9bff
  md5: d2732eb636c264dc9aa4cbee404b1a53
  depends:
  - python >=3.10
  - python
  license: MIT
  license_family: MIT
  size: 20973
  timestamp: 1760014679845
- conda: https://conda.anaconda.org/conda-forge/osx-arm64/tornado-6.5.2-py312h163523d_1.conda
  sha256: 00e9adcab3564cc579af09c6089c60e5abf5b1fbdca5e4f0fa7299d90f35dc13
  md5: e5f3e0a27abcae26a90645dfff8d68a4
  depends:
  - __osx >=11.0
  - python >=3.12,<3.13.0a0
  - python >=3.12,<3.13.0a0 *_cpython
  - python_abi 3.12.* *_cp312
  license: Apache-2.0
  license_family: Apache
  size: 850838
  timestamp: 1756855106235
- conda: https://conda.anaconda.org/conda-forge/noarch/traitlets-5.14.3-pyhd8ed1ab_1.conda
  sha256: f39a5620c6e8e9e98357507262a7869de2ae8cc07da8b7f84e517c9fd6c2b959
  md5: 019a7385be9af33791c989871317e1ed
  depends:
  - python >=3.9
  license: BSD-3-Clause
  license_family: BSD
  size: 110051
  timestamp: 1733367480074
- conda: https://conda.anaconda.org/conda-forge/noarch/typing_extensions-4.15.0-pyhcf101f3_0.conda
  sha256: 032271135bca55aeb156cee361c81350c6f3fb203f57d024d7e5a1fc9ef18731
  md5: 0caa1af407ecff61170c9437a808404d
  depends:
  - python >=3.10
  - python
  license: PSF-2.0
  license_family: PSF
  size: 51692
  timestamp: 1756220668932
- conda: https://conda.anaconda.org/conda-forge/noarch/tzdata-2025b-h78e105d_0.conda
  sha256: 5aaa366385d716557e365f0a4e9c3fca43ba196872abbbe3d56bb610d131e192
  md5: 4222072737ccff51314b5ece9c7d6f5a
  license: LicenseRef-Public-Domain
  size: 122968
  timestamp: 1742727099393
- conda: https://conda.anaconda.org/conda-forge/osx-arm64/zeromq-4.3.5-h888dc83_9.conda
  sha256: b6f9c130646e5971f6cad708e1eee278f5c7eea3ca97ec2fdd36e7abb764a7b8
  md5: 26f39dfe38a2a65437c29d69906a0f68
  depends:
  - __osx >=11.0
  - libcxx >=19
  - libsodium >=1.0.20,<1.0.21.0a0
  - krb5 >=1.21.3,<1.22.0a0
  license: MPL-2.0
  license_family: MOZILLA
  size: 244772
  timestamp: 1757371008525
- conda: https://conda.anaconda.org/conda-forge/noarch/zipp-3.23.0-pyhd8ed1ab_0.conda
  sha256: 7560d21e1b021fd40b65bfb72f67945a3fcb83d78ad7ccf37b8b3165ec3b68ad
  md5: df5e78d904988eb55042c0c97446079f
  depends:
  - python >=3.9
  license: MIT
  license_family: MIT
  size: 22963
  timestamp: 1749421737203
- conda: https://conda.anaconda.org/conda-forge/osx-arm64/zstd-1.5.7-h6491c7d_2.conda
  sha256: 0d02046f57f7a1a3feae3e9d1aa2113788311f3cf37a3244c71e61a93177ba67
  md5: e6f69c7bcccdefa417f056fa593b40f0
  depends:
  - __osx >=11.0
  - libzlib >=1.3.1,<2.0a0
  license: BSD-3-Clause
  license_family: BSD
  size: 399979
  timestamp: 1742433432699
